
Microsoft Visual Studio Solution File, Format Version 10.00
# Visual Studio 2008
Project("{FAE04EC0-301F-11D3-BF4B-00C04F79EFBC}") = "Merbla.IPhone", "Merbla.IPhone\Merbla.IPhone.csproj", "{888DCAC1-58F6-41E8-B58A-A2950E5DE3FD}"
EndProject
Global
	GlobalSection(SolutionConfigurationPlatforms) = preSolution
		Debug|iPhoneSimulator = Debug|iPhoneSimulator
		Release|iPhoneSimulator = Release|iPhoneSimulator
		Debug|iPhone = Debug|iPhone
		Release|iPhone = Release|iPhone
	EndGlobalSection
	GlobalSection(ProjectConfigurationPlatforms) = postSolution
		{888DCAC1-58F6-41E8-B58A-A2950E5DE3FD}.Debug|iPhone.ActiveCfg = Debug|iPhone
		{888DCAC1-58F6-41E8-B58A-A2950E5DE3FD}.Debug|iPhone.Build.0 = Debug|iPhone
		{888DCAC1-58F6-41E8-B58A-A2950E5DE3FD}.Debug|iPhoneSimulator.ActiveCfg = Debug|iPhoneSimulator
		{888DCAC1-58F6-41E8-B58A-A2950E5DE3FD}.Debug|iPhoneSimulator.Build.0 = Debug|iPhoneSimulator
		{888DCAC1-58F6-41E8-B58A-A2950E5DE3FD}.Release|iPhone.ActiveCfg = Release|iPhone
		{888DCAC1-58F6-41E8-B58A-A2950E5DE3FD}.Release|iPhone.Build.0 = Release|iPhone
		{888DCAC1-58F6-41E8-B58A-A2950E5DE3FD}.Release|iPhoneSimulator.ActiveCfg = Release|iPhoneSimulator
		{888DCAC1-58F6-41E8-B58A-A2950E5DE3FD}.Release|iPhoneSimulator.Build.0 = Release|iPhoneSimulator
	EndGlobalSection
	GlobalSection(MonoDevelopProperties) = preSolution
		StartupItem = Merbla.IPhone\Merbla.IPhone.csproj
	EndGlobalSection
EndGlobal
